
Microsoft Visual Studio Solution File, Format Version 12.00
# Visual Studio Version 16
VisualStudioVersion = 16.0.32106.194
MinimumVisualStudioVersion = 10.0.40219.1
Project("{FAE04EC0-301F-11D3-BF4B-00C04F79EFBC}") = "ChatboxVido", "ChatboxVido.csproj", "{AFCDD68C-05E7-40CB-87D2-08D8FFC7E414}"
EndProject
Global
	GlobalSection(SolutionConfigurationPlatforms) = preSolution
		Debug|Any CPU = Debug|Any CPU
		Release|Any CPU = Release|Any CPU
	EndGlobalSection
	GlobalSection(ProjectConfigurationPlatforms) = postSolution
		{AFCDD68C-05E7-40CB-87D2-08D8FFC7E414}.Debug|Any CPU.ActiveCfg = Debug|Any CPU
		{AFCDD68C-05E7-40CB-87D2-08D8FFC7E414}.Debug|Any CPU.Build.0 = Debug|Any CPU
		{AFCDD68C-05E7-40CB-87D2-08D8FFC7E414}.Release|Any CPU.ActiveCfg = Release|Any CPU
		{AFCDD68C-05E7-40CB-87D2-08D8FFC7E414}.Release|Any CPU.Build.0 = Release|Any CPU
	EndGlobalSection
	GlobalSection(SolutionProperties) = preSolution
		HideSolutionNode = FALSE
	EndGlobalSection
	GlobalSection(ExtensibilityGlobals) = postSolution
		SolutionGuid = {3B4444BB-EE33-4C45-AB31-552D527259B3}
	EndGlobalSection
EndGlobal
